
Microsoft Visual Studio Solution File, Format Version 12.00
# Visual Studio Version 16
VisualStudioVersion = 16.0.32630.194
MinimumVisualStudioVersion = 10.0.40219.1
Project("{FAE04EC0-301F-11D3-BF4B-00C04F79EFBC}") = "IndianStateCensusAnalyser", "IndianStateCensusAnalyser\IndianStateCensusAnalyser.csproj", "{62784138-4C30-468A-A083-73274D25BD22}"
EndProject
Project("{FAE04EC0-301F-11D3-BF4B-00C04F79EFBC}") = "CensualAnalyserTest", "CensualAnalyserTest\CensualAnalyserTest.csproj", "{3BDC07A7-03C3-4906-823E-8C00544D49D2}"
EndProject
Project("{FAE04EC0-301F-11D3-BF4B-00C04F79EFBC}") = "CSVHelperandJson", "CSVHelperandJson\CSVHelperandJson.csproj", "{AA17BA7D-0DC7-462E-A14F-ED95B9964EDE}"
EndProject
Global
	GlobalSection(SolutionConfigurationPlatforms) = preSolution
		Debug|Any CPU = Debug|Any CPU
		Release|Any CPU = Release|Any CPU
	EndGlobalSection
	GlobalSection(ProjectConfigurationPlatforms) = postSolution
		{62784138-4C30-468A-A083-73274D25BD22}.Debug|Any CPU.ActiveCfg = Debug|Any CPU
		{62784138-4C30-468A-A083-73274D25BD22}.Debug|Any CPU.Build.0 = Debug|Any CPU
		{62784138-4C30-468A-A083-73274D25BD22}.Release|Any CPU.ActiveCfg = Release|Any CPU
		{62784138-4C30-468A-A083-73274D25BD22}.Release|Any CPU.Build.0 = Release|Any CPU
		{3BDC07A7-03C3-4906-823E-8C00544D49D2}.Debug|Any CPU.ActiveCfg = Debug|Any CPU
		{3BDC07A7-03C3-4906-823E-8C00544D49D2}.Debug|Any CPU.Build.0 = Debug|Any CPU
		{3BDC07A7-03C3-4906-823E-8C00544D49D2}.Release|Any CPU.ActiveCfg = Release|Any CPU
		{3BDC07A7-03C3-4906-823E-8C00544D49D2}.Release|Any CPU.Build.0 = Release|Any CPU
		{AA17BA7D-0DC7-462E-A14F-ED95B9964EDE}.Debug|Any CPU.ActiveCfg = Debug|Any CPU
		{AA17BA7D-0DC7-462E-A14F-ED95B9964EDE}.Debug|Any CPU.Build.0 = Debug|Any CPU
		{AA17BA7D-0DC7-462E-A14F-ED95B9964EDE}.Release|Any CPU.ActiveCfg = Release|Any CPU
		{AA17BA7D-0DC7-462E-A14F-ED95B9964EDE}.Release|Any CPU.Build.0 = Release|Any CPU
	EndGlobalSection
	GlobalSection(SolutionProperties) = preSolution
		HideSolutionNode = FALSE
	EndGlobalSection
	GlobalSection(ExtensibilityGlobals) = postSolution
		SolutionGuid = {67136EF4-9BC8-49F6-8484-F3539E55A4A3}
	EndGlobalSection
EndGlobal
